
Microsoft Visual Studio Solution File, Format Version 12.00
# Visual Studio Version 16
VisualStudioVersion = 16.0.33214.272
MinimumVisualStudioVersion = 10.0.40219.1
Project("{FAE04EC0-301F-11D3-BF4B-00C04F79EFBC}") = "Pract15_Shvets", "Pract15_Shvets\Pract15_Shvets.csproj", "{B5715875-B94A-4AD7-BFB9-63BE059C8FC5}"
EndProject
Global
	GlobalSection(SolutionConfigurationPlatforms) = preSolution
		Debug|Any CPU = Debug|Any CPU
		Release|Any CPU = Release|Any CPU
	EndGlobalSection
	GlobalSection(ProjectConfigurationPlatforms) = postSolution
		{B5715875-B94A-4AD7-BFB9-63BE059C8FC5}.Debug|Any CPU.ActiveCfg = Debug|Any CPU
		{B5715875-B94A-4AD7-BFB9-63BE059C8FC5}.Debug|Any CPU.Build.0 = Debug|Any CPU
		{B5715875-B94A-4AD7-BFB9-63BE059C8FC5}.Release|Any CPU.ActiveCfg = Release|Any CPU
		{B5715875-B94A-4AD7-BFB9-63BE059C8FC5}.Release|Any CPU.Build.0 = Release|Any CPU
	EndGlobalSection
	GlobalSection(SolutionProperties) = preSolution
		HideSolutionNode = FALSE
	EndGlobalSection
	GlobalSection(ExtensibilityGlobals) = postSolution
		SolutionGuid = {0E9D0E88-83AB-4A3B-9E8A-FE3190A78CBD}
	EndGlobalSection
EndGlobal
