
Microsoft Visual Studio Solution File, Format Version 12.00
# Visual Studio Version 16
VisualStudioVersion = 16.0.33214.272
MinimumVisualStudioVersion = 10.0.40219.1
Project("{FAE04EC0-301F-11D3-BF4B-00C04F79EFBC}") = "prKol_ind2_4_FI", "prKol_ind2_4_FI\prKol_ind2_4_FI.csproj", "{B1AA9481-6CCC-4E1C-84C5-55174E314918}"
EndProject
Global
	GlobalSection(SolutionConfigurationPlatforms) = preSolution
		Debug|Any CPU = Debug|Any CPU
		Release|Any CPU = Release|Any CPU
	EndGlobalSection
	GlobalSection(ProjectConfigurationPlatforms) = postSolution
		{B1AA9481-6CCC-4E1C-84C5-55174E314918}.Debug|Any CPU.ActiveCfg = Debug|Any CPU
		{B1AA9481-6CCC-4E1C-84C5-55174E314918}.Debug|Any CPU.Build.0 = Debug|Any CPU
		{B1AA9481-6CCC-4E1C-84C5-55174E314918}.Release|Any CPU.ActiveCfg = Release|Any CPU
		{B1AA9481-6CCC-4E1C-84C5-55174E314918}.Release|Any CPU.Build.0 = Release|Any CPU
	EndGlobalSection
	GlobalSection(SolutionProperties) = preSolution
		HideSolutionNode = FALSE
	EndGlobalSection
	GlobalSection(ExtensibilityGlobals) = postSolution
		SolutionGuid = {539BEA99-4FF0-4A22-90F7-DE6B4EA25E0D}
	EndGlobalSection
EndGlobal
